
Microsoft Visual Studio Solution File, Format Version 12.00
# Visual Studio Version 17
VisualStudioVersion = 17.3.32901.215
MinimumVisualStudioVersion = 10.0.40219.1
Project("{FAE04EC0-301F-11D3-BF4B-00C04F79EFBC}") = "L9+_+DJRR+1026122_", "L9+_+DJRR+1026122_\L9+_+DJRR+1026122_.csproj", "{F3C7F400-E250-4A91-A9CA-E1F38792F341}"
EndProject
Global
	GlobalSection(SolutionConfigurationPlatforms) = preSolution
		Debug|Any CPU = Debug|Any CPU
		Release|Any CPU = Release|Any CPU
	EndGlobalSection
	GlobalSection(ProjectConfigurationPlatforms) = postSolution
		{F3C7F400-E250-4A91-A9CA-E1F38792F341}.Debug|Any CPU.ActiveCfg = Debug|Any CPU
		{F3C7F400-E250-4A91-A9CA-E1F38792F341}.Debug|Any CPU.Build.0 = Debug|Any CPU
		{F3C7F400-E250-4A91-A9CA-E1F38792F341}.Release|Any CPU.ActiveCfg = Release|Any CPU
		{F3C7F400-E250-4A91-A9CA-E1F38792F341}.Release|Any CPU.Build.0 = Release|Any CPU
	EndGlobalSection
	GlobalSection(SolutionProperties) = preSolution
		HideSolutionNode = FALSE
	EndGlobalSection
	GlobalSection(ExtensibilityGlobals) = postSolution
		SolutionGuid = {BEA0B739-C918-4C3A-9D49-9423550BC3D1}
	EndGlobalSection
EndGlobal
